
Microsoft Visual Studio Solution File, Format Version 12.00
# Visual Studio Version 16
VisualStudioVersion = 16.0.32630.194
MinimumVisualStudioVersion = 10.0.40219.1
Project("{8BC9CEB8-8B4A-11D0-8D11-00A0C91BC942}") = "加减乘除", "加减乘除\加减乘除.vcxproj", "{F0B1FDAE-1F20-4CD5-B0A1-5A2E6A129275}"
EndProject
Global
	GlobalSection(SolutionConfigurationPlatforms) = preSolution
		Debug|x64 = Debug|x64
		Debug|x86 = Debug|x86
		Release|x64 = Release|x64
		Release|x86 = Release|x86
	EndGlobalSection
	GlobalSection(ProjectConfigurationPlatforms) = postSolution
		{F0B1FDAE-1F20-4CD5-B0A1-5A2E6A129275}.Debug|x64.ActiveCfg = Debug|x64
		{F0B1FDAE-1F20-4CD5-B0A1-5A2E6A129275}.Debug|x64.Build.0 = Debug|x64
		{F0B1FDAE-1F20-4CD5-B0A1-5A2E6A129275}.Debug|x86.ActiveCfg = Debug|Win32
		{F0B1FDAE-1F20-4CD5-B0A1-5A2E6A129275}.Debug|x86.Build.0 = Debug|Win32
		{F0B1FDAE-1F20-4CD5-B0A1-5A2E6A129275}.Release|x64.ActiveCfg = Release|x64
		{F0B1FDAE-1F20-4CD5-B0A1-5A2E6A129275}.Release|x64.Build.0 = Release|x64
		{F0B1FDAE-1F20-4CD5-B0A1-5A2E6A129275}.Release|x86.ActiveCfg = Release|Win32
		{F0B1FDAE-1F20-4CD5-B0A1-5A2E6A129275}.Release|x86.Build.0 = Release|Win32
	EndGlobalSection
	GlobalSection(SolutionProperties) = preSolution
		HideSolutionNode = FALSE
	EndGlobalSection
	GlobalSection(ExtensibilityGlobals) = postSolution
		SolutionGuid = {24F0D4B9-FA90-4C52-8BF4-B49F13F099F1}
	EndGlobalSection
EndGlobal
