
Microsoft Visual Studio Solution File, Format Version 12.00
# Visual Studio Version 16
VisualStudioVersion = 16.0.32630.194
MinimumVisualStudioVersion = 10.0.40219.1
Project("{8BC9CEB8-8B4A-11D0-8D11-00A0C91BC942}") = "求素数", "求素数\求素数.vcxproj", "{CC4B00C4-D1AE-4BED-BB53-CD9CD1C5C193}"
EndProject
Global
	GlobalSection(SolutionConfigurationPlatforms) = preSolution
		Debug|x64 = Debug|x64
		Debug|x86 = Debug|x86
		Release|x64 = Release|x64
		Release|x86 = Release|x86
	EndGlobalSection
	GlobalSection(ProjectConfigurationPlatforms) = postSolution
		{CC4B00C4-D1AE-4BED-BB53-CD9CD1C5C193}.Debug|x64.ActiveCfg = Debug|x64
		{CC4B00C4-D1AE-4BED-BB53-CD9CD1C5C193}.Debug|x64.Build.0 = Debug|x64
		{CC4B00C4-D1AE-4BED-BB53-CD9CD1C5C193}.Debug|x86.ActiveCfg = Debug|Win32
		{CC4B00C4-D1AE-4BED-BB53-CD9CD1C5C193}.Debug|x86.Build.0 = Debug|Win32
		{CC4B00C4-D1AE-4BED-BB53-CD9CD1C5C193}.Release|x64.ActiveCfg = Release|x64
		{CC4B00C4-D1AE-4BED-BB53-CD9CD1C5C193}.Release|x64.Build.0 = Release|x64
		{CC4B00C4-D1AE-4BED-BB53-CD9CD1C5C193}.Release|x86.ActiveCfg = Release|Win32
		{CC4B00C4-D1AE-4BED-BB53-CD9CD1C5C193}.Release|x86.Build.0 = Release|Win32
	EndGlobalSection
	GlobalSection(SolutionProperties) = preSolution
		HideSolutionNode = FALSE
	EndGlobalSection
	GlobalSection(ExtensibilityGlobals) = postSolution
		SolutionGuid = {87168BC2-1DDB-4D35-9987-D68E92C57416}
	EndGlobalSection
EndGlobal
